
Microsoft Visual Studio Solution File, Format Version 12.00
# Visual Studio Version 17
VisualStudioVersion = 17.6.33815.320
MinimumVisualStudioVersion = 10.0.40219.1
Project("{FAE04EC0-301F-11D3-BF4B-00C04F79EFBC}") = "RoutingDemo", "RoutingDemo\RoutingDemo.csproj", "{F7E14A34-650D-4E3C-8BD3-A3F213F698B6}"
EndProject
Project("{FAE04EC0-301F-11D3-BF4B-00C04F79EFBC}") = "ReconnectionDemo", "ReconnectionDemo\ReconnectionDemo.csproj", "{1D068477-E4AF-4E58-A8CF-4A9EAA9F87D7}"
EndProject
Project("{FAE04EC0-301F-11D3-BF4B-00C04F79EFBC}") = "ProvisioningDemo", "ProvisioningDemo\ProvisioningDemo.csproj", "{7857345C-0C58-4BBD-A056-A71E7D99A2F9}"
EndProject
Project("{FAE04EC0-301F-11D3-BF4B-00C04F79EFBC}") = "BackendService", "BackendService\BackendService.csproj", "{26AD01E7-1471-4836-BB34-FC2FF515927B}"
EndProject
Global
	GlobalSection(SolutionConfigurationPlatforms) = preSolution
		Debug|Any CPU = Debug|Any CPU
		Release|Any CPU = Release|Any CPU
	EndGlobalSection
	GlobalSection(ProjectConfigurationPlatforms) = postSolution
		{F7E14A34-650D-4E3C-8BD3-A3F213F698B6}.Debug|Any CPU.ActiveCfg = Debug|Any CPU
		{F7E14A34-650D-4E3C-8BD3-A3F213F698B6}.Debug|Any CPU.Build.0 = Debug|Any CPU
		{F7E14A34-650D-4E3C-8BD3-A3F213F698B6}.Release|Any CPU.ActiveCfg = Release|Any CPU
		{F7E14A34-650D-4E3C-8BD3-A3F213F698B6}.Release|Any CPU.Build.0 = Release|Any CPU
		{1D068477-E4AF-4E58-A8CF-4A9EAA9F87D7}.Debug|Any CPU.ActiveCfg = Debug|Any CPU
		{1D068477-E4AF-4E58-A8CF-4A9EAA9F87D7}.Debug|Any CPU.Build.0 = Debug|Any CPU
		{1D068477-E4AF-4E58-A8CF-4A9EAA9F87D7}.Release|Any CPU.ActiveCfg = Release|Any CPU
		{1D068477-E4AF-4E58-A8CF-4A9EAA9F87D7}.Release|Any CPU.Build.0 = Release|Any CPU
		{7857345C-0C58-4BBD-A056-A71E7D99A2F9}.Debug|Any CPU.ActiveCfg = Debug|Any CPU
		{7857345C-0C58-4BBD-A056-A71E7D99A2F9}.Debug|Any CPU.Build.0 = Debug|Any CPU
		{7857345C-0C58-4BBD-A056-A71E7D99A2F9}.Release|Any CPU.ActiveCfg = Release|Any CPU
		{7857345C-0C58-4BBD-A056-A71E7D99A2F9}.Release|Any CPU.Build.0 = Release|Any CPU
		{26AD01E7-1471-4836-BB34-FC2FF515927B}.Debug|Any CPU.ActiveCfg = Debug|Any CPU
		{26AD01E7-1471-4836-BB34-FC2FF515927B}.Debug|Any CPU.Build.0 = Debug|Any CPU
		{26AD01E7-1471-4836-BB34-FC2FF515927B}.Release|Any CPU.ActiveCfg = Release|Any CPU
		{26AD01E7-1471-4836-BB34-FC2FF515927B}.Release|Any CPU.Build.0 = Release|Any CPU
	EndGlobalSection
	GlobalSection(SolutionProperties) = preSolution
		HideSolutionNode = FALSE
	EndGlobalSection
	GlobalSection(ExtensibilityGlobals) = postSolution
		SolutionGuid = {30BD6CD4-D077-480B-8C6F-472D1D4910A6}
	EndGlobalSection
EndGlobal
